<?xml version="1.0" encoding="utf-8"?>
<Project ToolsVersion="4.0" xmlns="http://schemas.microsoft.com/developer/msbuild/2003">
  <ItemGroup>
    <Filter Include="Source Files">
      <UniqueIdentifier>{4FC737F1-C7A5-4376-A066-2A32D752A2FF}</UniqueIdentifier>
      <Extensions>cpp;c;cc;cxx;def;odl;idl;hpj;bat;asm;asmx</Extensions>
    </Filter>
    <Filter Include="Header Files">
      <UniqueIdentifier>{93995380-89BD-4b04-88EB-625FBE52EBFB}</UniqueIdentifier>
      <Extensions>h;hh;hpp;hxx;hm;inl;inc;ipp;xsd</Extensions>
    </Filter>
    <Filter Include="Resource Files">
      <UniqueIdentifier>{67DA6AB6-F800-4c08-8B7A-83BB121AAD01}</UniqueIdentifier>
      <Extensions>rc;ico;cur;bmp;dlg;rc2;rct;bin;rgs;gif;jpg;jpeg;jpe;resx;tiff;tif;png;wav;mfcribbon-ms</Extensions>
    </Filter>
  </ItemGroup>
  <ItemGroup>
    <ClCompile Include="src\main.cpp">
      <Filter>Source Files</Filter>
    </ClCompile>
    <ClCompile Include="src\utils.cpp">
      <Filter>Source Files</Filter>
    </ClCompile>
    <ClCompile Include="src\outfit.cpp">
      <Filter>Source Files</Filter>
    </ClCompile>
    <ClCompile Include="src\object_ref.cpp">
      <Filter>Source Files</Filter>
    </ClCompile>
    <ClCompile Include="src\form.cpp">
      <Filter>Source Files</Filter>
    </ClCompile>
    <ClCompile Include="src\actor2.cpp">
      <Filter>Source Files</Filter>
    </ClCompile>
    <ClCompile Include="src\string2.cpp">
      <Filter>Source Files</Filter>
    </ClCompile>
    <ClCompile Include="src\quest.cpp">
      <Filter>Source Files</Filter>
    </ClCompile>
    <ClCompile Include="src\xlist.cpp">
      <Filter>Source Files</Filter>
    </ClCompile>
    <ClCompile Include="src\xdata.cpp">
      <Filter>Source Files</Filter>
    </ClCompile>
    <ClCompile Include="src\xentry.cpp">
      <Filter>Source Files</Filter>
    </ClCompile>
    <ClCompile Include="src\actor_base2.cpp">
      <Filter>Source Files</Filter>
    </ClCompile>
    <ClCompile Include="src\game.cpp">
      <Filter>Source Files</Filter>
    </ClCompile>
    <ClCompile Include="src\xcontainer.cpp">
      <Filter>Source Files</Filter>
    </ClCompile>
    <ClCompile Include="src\player.cpp">
      <Filter>Source Files</Filter>
    </ClCompile>
    <ClCompile Include="src\cell.cpp">
      <Filter>Source Files</Filter>
    </ClCompile>
    <ClCompile Include="src\papyrus.cpp">
      <Filter>Source Files</Filter>
    </ClCompile>
    <ClCompile Include="src\vector.cpp">
      <Filter>Source Files</Filter>
    </ClCompile>
    <ClCompile Include="src\package.cpp">
      <Filter>Source Files</Filter>
    </ClCompile>
    <ClCompile Include="src\keys.cpp">
      <Filter>Source Files</Filter>
    </ClCompile>
    <ClCompile Include="src\vars.cpp">
      <Filter>Source Files</Filter>
    </ClCompile>
    <ClCompile Include="src\consts.cpp">
      <Filter>Source Files</Filter>
    </ClCompile>
    <ClCompile Include="src\tests.cpp">
      <Filter>Source Files</Filter>
    </ClCompile>
    <ClCompile Include="src\types.cpp">
      <Filter>Source Files</Filter>
    </ClCompile>
    <ClCompile Include="src\party\aliases.cpp">
      <Filter>Source Files</Filter>
    </ClCompile>
    <ClCompile Include="src\party\members.cpp">
      <Filter>Source Files</Filter>
    </ClCompile>
    <ClCompile Include="src\party\followers.cpp">
      <Filter>Source Files</Filter>
    </ClCompile>
    <ClCompile Include="src\party\horses.cpp">
      <Filter>Source Files</Filter>
    </ClCompile>
    <ClCompile Include="src\party\npcs.cpp">
      <Filter>Source Files</Filter>
    </ClCompile>
    <ClCompile Include="src\party\alias.cpp">
      <Filter>Source Files</Filter>
    </ClCompile>
    <ClCompile Include="src\party\member.cpp">
      <Filter>Source Files</Filter>
    </ClCompile>
    <ClCompile Include="src\party\follower.cpp">
      <Filter>Source Files</Filter>
    </ClCompile>
    <ClCompile Include="src\party\horse.cpp">
      <Filter>Source Files</Filter>
    </ClCompile>
    <ClCompile Include="src\filter.cpp">
      <Filter>Source Files</Filter>
    </ClCompile>
    <ClCompile Include="src\codes.cpp">
      <Filter>Source Files</Filter>
    </ClCompile>
    <ClCompile Include="src\form_vector.cpp">
      <Filter>Source Files</Filter>
    </ClCompile>
    <ClCompile Include="src\spell.cpp">
      <Filter>Source Files</Filter>
    </ClCompile>
    <ClCompile Include="src\outfit2.cpp">
      <Filter>Source Files</Filter>
    </ClCompile>
    <ClCompile Include="src\mcm\mcm_member.cpp">
      <Filter>Source Files</Filter>
    </ClCompile>
    <ClCompile Include="src\mcm\mcm_main.cpp">
      <Filter>Source Files</Filter>
    </ClCompile>
    <ClCompile Include="src\mcm\mcm_hotkeys.cpp">
      <Filter>Source Files</Filter>
    </ClCompile>
    <ClCompile Include="src\mcm\mcm_members.cpp">
      <Filter>Source Files</Filter>
    </ClCompile>
  </ItemGroup>
  <ItemGroup>
    <ClInclude Include="include\object_ref.h">
      <Filter>Header Files</Filter>
    </ClInclude>
    <ClInclude Include="include\utils.h">
      <Filter>Header Files</Filter>
    </ClInclude>
    <ClInclude Include="include\vector.h">
      <Filter>Header Files</Filter>
    </ClInclude>
    <ClInclude Include="include\form.h">
      <Filter>Header Files</Filter>
    </ClInclude>
    <ClInclude Include="include\actor2.h">
      <Filter>Header Files</Filter>
    </ClInclude>
    <ClInclude Include="include\papyrus.h">
      <Filter>Header Files</Filter>
    </ClInclude>
    <ClInclude Include="include\string2.h">
      <Filter>Header Files</Filter>
    </ClInclude>
    <ClInclude Include="include\quest.h">
      <Filter>Header Files</Filter>
    </ClInclude>
    <ClInclude Include="include\outfit.h">
      <Filter>Header Files</Filter>
    </ClInclude>
    <ClInclude Include="include\xlist.h">
      <Filter>Header Files</Filter>
    </ClInclude>
    <ClInclude Include="include\xdata.h">
      <Filter>Header Files</Filter>
    </ClInclude>
    <ClInclude Include="include\xentry.h">
      <Filter>Header Files</Filter>
    </ClInclude>
    <ClInclude Include="include\types.h">
      <Filter>Header Files</Filter>
    </ClInclude>
    <ClInclude Include="include\actor_base2.h">
      <Filter>Header Files</Filter>
    </ClInclude>
    <ClInclude Include="include\game.h">
      <Filter>Header Files</Filter>
    </ClInclude>
    <ClInclude Include="include\xcontainer.h">
      <Filter>Header Files</Filter>
    </ClInclude>
    <ClInclude Include="include\player.h">
      <Filter>Header Files</Filter>
    </ClInclude>
    <ClInclude Include="include\cell.h">
      <Filter>Header Files</Filter>
    </ClInclude>
    <ClInclude Include="include\main.h">
      <Filter>Header Files</Filter>
    </ClInclude>
    <ClInclude Include="include\package.h">
      <Filter>Header Files</Filter>
    </ClInclude>
    <ClInclude Include="include\keys.h">
      <Filter>Header Files</Filter>
    </ClInclude>
    <ClInclude Include="include\vars.h">
      <Filter>Header Files</Filter>
    </ClInclude>
    <ClInclude Include="include\consts.h">
      <Filter>Header Files</Filter>
    </ClInclude>
    <ClInclude Include="include\party.h">
      <Filter>Header Files</Filter>
    </ClInclude>
    <ClInclude Include="include\tests.h">
      <Filter>Header Files</Filter>
    </ClInclude>
    <ClInclude Include="include\offsets.h">
      <Filter>Header Files</Filter>
    </ClInclude>
    <ClInclude Include="include\filter.h">
      <Filter>Header Files</Filter>
    </ClInclude>
    <ClInclude Include="include\codes.h">
      <Filter>Header Files</Filter>
    </ClInclude>
    <ClInclude Include="include\form_vector.h">
      <Filter>Header Files</Filter>
    </ClInclude>
    <ClInclude Include="include\spell.h">
      <Filter>Header Files</Filter>
    </ClInclude>
    <ClInclude Include="include\outfit2.h">
      <Filter>Header Files</Filter>
    </ClInclude>
    <ClInclude Include="include\mcm\mcm_member.h">
      <Filter>Header Files</Filter>
    </ClInclude>
    <ClInclude Include="include\mcm\mcm_main.h">
      <Filter>Header Files</Filter>
    </ClInclude>
    <ClInclude Include="include\mcm\mcm_hotkeys.h">
      <Filter>Header Files</Filter>
    </ClInclude>
    <ClInclude Include="include\mcm\mcm_members.h">
      <Filter>Header Files</Filter>
    </ClInclude>
  </ItemGroup>
  <ItemGroup>
    <None Include="exports.def">
      <Filter>Source Files</Filter>
    </None>
    <None Include="scripts\doticu_npcp.psc" />
    <None Include="include\papyrus.inl">
      <Filter>Header Files</Filter>
    </None>
    <None Include="include\party.inl">
      <Filter>Header Files</Filter>
    </None>
    <None Include="include\party\aliases.inl">
      <Filter>Header Files</Filter>
    </None>
  </ItemGroup>
</Project>